{
  "name": "aiproj-types",
  "version": "1.0.1",
  "lockfileVersion": 3,
  "requires": true,
  "packages": {
    "": {
      "name": "aiproj-types",
      "version": "1.0.1",
      "license": "ISC",
      "dependencies": {
        "1.0.1": "^1.0.0",
        "aiproj-types": "^1.0.1",
        "zod": "^3.24.2"
      }
    },
    "node_modules/1.0.1": {
      "version": "1.0.0",
      "resolved": "https://registry.npmjs.org/1.0.1/-/1.0.1-1.0.0.tgz",
      "integrity": "sha512-A9qZCV2W6N24Z6uxmXCLpsEYkAjm7Ot4Z0AT6e9jPQOFKtbCInUxLdW4hivwEAXtQOqwj+ncfHyuKuA6VQnkMA==",
      "license": "ISC"
    },
    "node_modules/aiproj-types": {
      "version": "1.0.1",
      "resolved": "https://registry.npmjs.org/aiproj-types/-/aiproj-types-1.0.1.tgz",
      "integrity": "sha512-/geZcCnlrCcaZq50O/PGMPuZ99vd3ngmA1Hvn3uAehHLFeA5wJinj0lanbpjrN27XPUYpFnY5AX9b+NTgecmIQ==",
      "license": "ISC",
      "dependencies": {
        "aiproj-types": "^1.0.0",
        "zod": "^3.24.2"
      }
    },
    "node_modules/zod": {
      "version": "3.24.2",
      "resolved": "https://registry.npmjs.org/zod/-/zod-3.24.2.tgz",
      "integrity": "sha512-lY7CDW43ECgW9u1TcT3IoXHflywfVqDYze4waEz812jR/bZ8FHDsl7pFQoSZTz5N+2NqRXs8GBwnAwo3ZNxqhQ==",
      "license": "MIT",
      "funding": {
        "url": "https://github.com/sponsors/colinhacks"
      }
    }
  }
}
